
Microsoft Visual Studio Solution File, Format Version 12.00
# Visual Studio Version 17
VisualStudioVersion = 17.5.33516.290
MinimumVisualStudioVersion = 10.0.40219.1
Project("{9A19103F-16F7-4668-BE54-9A1E7A4F7556}") = "MP40.API", "MP40.API\MP40.API.csproj", "{F337ECC6-912B-40AD-8BF4-1B50EA0A4460}"
EndProject
Project("{9A19103F-16F7-4668-BE54-9A1E7A4F7556}") = "MP40.DAL", "MP40.DAL\MP40.DAL.csproj", "{72CA8BBC-B61B-479C-BBC5-218EC1C077D1}"
EndProject
Project("{9A19103F-16F7-4668-BE54-9A1E7A4F7556}") = "MP40.MVC", "MP40.MVC\MP40.MVC.csproj", "{1F1CE041-3167-46F3-93F8-875018EE58F1}"
EndProject
Project("{FAE04EC0-301F-11D3-BF4B-00C04F79EFBC}") = "MP40.BLL", "MP40.BLL\MP40.BLL.csproj", "{E9268546-D20A-4F8A-A4FD-CF44B45AF0E4}"
EndProject
Global
	GlobalSection(SolutionConfigurationPlatforms) = preSolution
		Debug|Any CPU = Debug|Any CPU
		Release|Any CPU = Release|Any CPU
	EndGlobalSection
	GlobalSection(ProjectConfigurationPlatforms) = postSolution
		{F337ECC6-912B-40AD-8BF4-1B50EA0A4460}.Debug|Any CPU.ActiveCfg = Debug|Any CPU
		{F337ECC6-912B-40AD-8BF4-1B50EA0A4460}.Debug|Any CPU.Build.0 = Debug|Any CPU
		{F337ECC6-912B-40AD-8BF4-1B50EA0A4460}.Release|Any CPU.ActiveCfg = Release|Any CPU
		{F337ECC6-912B-40AD-8BF4-1B50EA0A4460}.Release|Any CPU.Build.0 = Release|Any CPU
		{72CA8BBC-B61B-479C-BBC5-218EC1C077D1}.Debug|Any CPU.ActiveCfg = Debug|Any CPU
		{72CA8BBC-B61B-479C-BBC5-218EC1C077D1}.Debug|Any CPU.Build.0 = Debug|Any CPU
		{72CA8BBC-B61B-479C-BBC5-218EC1C077D1}.Release|Any CPU.ActiveCfg = Release|Any CPU
		{72CA8BBC-B61B-479C-BBC5-218EC1C077D1}.Release|Any CPU.Build.0 = Release|Any CPU
		{1F1CE041-3167-46F3-93F8-875018EE58F1}.Debug|Any CPU.ActiveCfg = Debug|Any CPU
		{1F1CE041-3167-46F3-93F8-875018EE58F1}.Debug|Any CPU.Build.0 = Debug|Any CPU
		{1F1CE041-3167-46F3-93F8-875018EE58F1}.Release|Any CPU.ActiveCfg = Release|Any CPU
		{1F1CE041-3167-46F3-93F8-875018EE58F1}.Release|Any CPU.Build.0 = Release|Any CPU
		{E9268546-D20A-4F8A-A4FD-CF44B45AF0E4}.Debug|Any CPU.ActiveCfg = Debug|Any CPU
		{E9268546-D20A-4F8A-A4FD-CF44B45AF0E4}.Debug|Any CPU.Build.0 = Debug|Any CPU
		{E9268546-D20A-4F8A-A4FD-CF44B45AF0E4}.Release|Any CPU.ActiveCfg = Release|Any CPU
		{E9268546-D20A-4F8A-A4FD-CF44B45AF0E4}.Release|Any CPU.Build.0 = Release|Any CPU
	EndGlobalSection
	GlobalSection(SolutionProperties) = preSolution
		HideSolutionNode = FALSE
	EndGlobalSection
	GlobalSection(ExtensibilityGlobals) = postSolution
		SolutionGuid = {FBB3A433-DEF2-48BC-B1A0-5A0FD10EC6C8}
	EndGlobalSection
EndGlobal
